{
  "nodes": {
    "nixpkgs": {
      "locked": {
        "lastModified": 1721079475,
        "narHash": "sha256-wZ62hFCMTUG68u3hSUSJOCP/ltuE32Yb4dy7FfPCpso=",
        "owner": "NixOS",
        "repo": "nixpkgs",
        "rev": "732b4f3a3afdfe6a6c4fcb2511e529588d4e5ccd",
        "type": "github"
      },
      "original": {
        "owner": "NixOS",
        "ref": "nixos-24.05-small",
        "repo": "nixpkgs",
        "type": "github"
      }
    },
    "nixpkgs-unstable": {
      "locked": {
        "lastModified": 1720957393,
        "narHash": "sha256-oedh2RwpjEa+TNxhg5Je9Ch6d3W1NKi7DbRO1ziHemA=",
        "owner": "NixOS",
        "repo": "nixpkgs",
        "rev": "693bc46d169f5af9c992095736e82c3488bf7dbb",
        "type": "github"
      },
      "original": {
        "owner": "NixOS",
        "ref": "nixos-unstable",
        "repo": "nixpkgs",
        "type": "github"
      }
    },
    "root": {
      "inputs": {
        "nixpkgs": "nixpkgs",
        "nixpkgs-unstable": "nixpkgs-unstable"
      }
    }
  },
  "root": "root",
  "version": 7
}
